
Microsoft Visual Studio Solution File, Format Version 12.00
# Visual Studio Version 17
VisualStudioVersion = 17.11.35327.3
MinimumVisualStudioVersion = 10.0.40219.1
Project("{FAE04EC0-301F-11D3-BF4B-00C04F79EFBC}") = "WinForms_02", "WinForms_02\WinForms_02.csproj", "{9804017D-BB0B-4373-8455-8A95C14A4076}"
EndProject
Global
	GlobalSection(SolutionConfigurationPlatforms) = preSolution
		Debug|Any CPU = Debug|Any CPU
		Release|Any CPU = Release|Any CPU
	EndGlobalSection
	GlobalSection(ProjectConfigurationPlatforms) = postSolution
		{9804017D-BB0B-4373-8455-8A95C14A4076}.Debug|Any CPU.ActiveCfg = Debug|Any CPU
		{9804017D-BB0B-4373-8455-8A95C14A4076}.Debug|Any CPU.Build.0 = Debug|Any CPU
		{9804017D-BB0B-4373-8455-8A95C14A4076}.Release|Any CPU.ActiveCfg = Release|Any CPU
		{9804017D-BB0B-4373-8455-8A95C14A4076}.Release|Any CPU.Build.0 = Release|Any CPU
	EndGlobalSection
	GlobalSection(SolutionProperties) = preSolution
		HideSolutionNode = FALSE
	EndGlobalSection
	GlobalSection(ExtensibilityGlobals) = postSolution
		SolutionGuid = {60DD6997-1B01-4473-9AB2-370C52564E42}
	EndGlobalSection
EndGlobal
